
Microsoft Visual Studio Solution File, Format Version 12.00
# Visual Studio Version 16
VisualStudioVersion = 16.0.31205.134
MinimumVisualStudioVersion = 10.0.40219.1
Project("{FAE04EC0-301F-11D3-BF4B-00C04F79EFBC}") = "FakeXiecheng.API", "FakeXiecheng.API\FakeXiecheng.API.csproj", "{ACE6C575-3184-4BE4-9905-26A65D96C9B6}"
EndProject
Global
	GlobalSection(SolutionConfigurationPlatforms) = preSolution
		Debug|Any CPU = Debug|Any CPU
		Release|Any CPU = Release|Any CPU
	EndGlobalSection
	GlobalSection(ProjectConfigurationPlatforms) = postSolution
		{ACE6C575-3184-4BE4-9905-26A65D96C9B6}.Debug|Any CPU.ActiveCfg = Debug|Any CPU
		{ACE6C575-3184-4BE4-9905-26A65D96C9B6}.Debug|Any CPU.Build.0 = Debug|Any CPU
		{ACE6C575-3184-4BE4-9905-26A65D96C9B6}.Release|Any CPU.ActiveCfg = Release|Any CPU
		{ACE6C575-3184-4BE4-9905-26A65D96C9B6}.Release|Any CPU.Build.0 = Release|Any CPU
	EndGlobalSection
	GlobalSection(SolutionProperties) = preSolution
		HideSolutionNode = FALSE
	EndGlobalSection
	GlobalSection(ExtensibilityGlobals) = postSolution
		SolutionGuid = {96DDCD3D-63AE-4132-A363-D8D540679398}
	EndGlobalSection
EndGlobal
